{"is_source_file": false, "format": "", "description": "", "external_files": [], "external_methods": [], "published": [], "classes": [], "methods": [], "calls": [], "search-terms": [], "state": 2, "file_id": 9, "knowledge_revision": 23, "git_revision": "213362bf970c0c0b865f42e020b0bffc179cfe79", "filename": "/tmp/kavia/workspace/code-generation/quickcalc-145568-78b5ed46/quickcalc/post_process_status.lock", "hash": "9c4ed7ef73e22b872b8055bec08b8979", "format-version": 4, "code-base-name": "default", "revision_history": [{"23": "213362bf970c0c0b865f42e020b0bffc179cfe79"}]}